{
  "version": 4,
  "terraform_version": "1.2.9",
  "serial": 255,
  "lineage": "07e5870e-f1b4-411e-bd00-86590bf796bd",
  "outputs": {
    "local_ip": {
      "value": "10.142.0.2",
      "type": "string"
    }
  },
  "resources": [
    {
      "mode": "data",
      "type": "google_compute_network",
      "name": "tf-course",
      "provider": "provider[\"registry.terraform.io/hashicorp/google\"]",
      "instances": [
        {
          "schema_version": 0,
          "attributes": {
            "description": "",
            "gateway_ipv4": "",
            "id": "projects/tf-advanced/global/networks/tf-course",
            "name": "tf-course",
            "project": null,
            "self_link": "https://www.googleapis.com/compute/v1/projects/tf-advanced/global/networks/tf-course",
            "subnetworks_self_links": [
              "https://www.googleapis.com/compute/v1/projects/tf-advanced/regions/europe-west1/subnetworks/tf-course-subnet-1"
            ]
          },
          "sensitive_attributes": []
        }
      ]
    },
    {
      "mode": "managed",
      "type": "google_compute_firewall",
      "name": "tf-experiment",
      "provider": "provider[\"registry.terraform.io/hashicorp/google\"]",
      "instances": [
        {
          "schema_version": 1,
          "attributes": {
            "allow": [
              {
                "ports": [
                  "22"
                ],
                "protocol": "tcp"
              }
            ],
            "creation_timestamp": "2022-09-30T04:08:55.222-07:00",
            "deny": [],
            "description": "",
            "destination_ranges": [],
            "direction": "INGRESS",
            "disabled": false,
            "enable_logging": null,
            "id": "projects/tf-advanced/global/firewalls/tf-experiment",
            "log_config": [],
            "name": "tf-experiment",
            "network": "https://www.googleapis.com/compute/v1/projects/tf-advanced/global/networks/tf-experiment",
            "priority": 1000,
            "project": "tf-advanced",
            "self_link": "https://www.googleapis.com/compute/v1/projects/tf-advanced/global/firewalls/tf-experiment",
            "source_ranges": [
              "0.0.0.0/0"
            ],
            "source_service_accounts": null,
            "source_tags": null,
            "target_service_accounts": null,
            "target_tags": null,
            "timeouts": null
          },
          "sensitive_attributes": [],
          "private": "eyJlMmJmYjczMC1lY2FhLTExZTYtOGY4OC0zNDM2M2JjN2M0YzAiOnsiY3JlYXRlIjoxMjAwMDAwMDAwMDAwLCJkZWxldGUiOjEyMDAwMDAwMDAwMDAsInVwZGF0ZSI6MTIwMDAwMDAwMDAwMH0sInNjaGVtYV92ZXJzaW9uIjoiMSJ9",
          "dependencies": [
            "google_compute_network.tf-experiment"
          ]
        }
      ]
    },
    {
      "mode": "managed",
      "type": "google_compute_instance",
      "name": "tf-experiment",
      "provider": "provider[\"registry.terraform.io/hashicorp/google\"]",
      "instances": [
        {
          "schema_version": 6,
          "attributes": {
            "advanced_machine_features": [],
            "allow_stopping_for_update": null,
            "attached_disk": [],
            "boot_disk": [
              {
                "auto_delete": true,
                "device_name": "persistent-disk-0",
                "disk_encryption_key_raw": "",
                "disk_encryption_key_sha256": "",
                "initialize_params": [
                  {
                    "image": "https://www.googleapis.com/compute/v1/projects/ubuntu-os-cloud/global/images/ubuntu-1804-bionic-v20220901",
                    "labels": {},
                    "size": 10,
                    "type": "pd-standard"
                  }
                ],
                "kms_key_self_link": "",
                "mode": "READ_WRITE",
                "source": "https://www.googleapis.com/compute/v1/projects/tf-advanced/zones/us-east1-b/disks/tf-experiment"
              }
            ],
            "can_ip_forward": false,
            "confidential_instance_config": [],
            "cpu_platform": "Intel Haswell",
            "current_status": "RUNNING",
            "deletion_protection": false,
            "description": "",
            "desired_status": null,
            "enable_display": false,
            "guest_accelerator": [],
            "hostname": "",
            "id": "projects/tf-advanced/zones/us-east1-b/instances/tf-experiment",
            "instance_id": "5640863638607327400",
            "label_fingerprint": "42WmSpB8rSM=",
            "labels": null,
            "machine_type": "f1-micro",
            "metadata": {
              "ssh-keys": "theia:ssh-rsa AAAAB3NzaC1yc2EAAAADAQABAAABgQDdRZwm+FlF9TxIika7pdMHdOs8NcWcwGEh3d8hgCR9A9wBat2NO4nq5AF+bWpbaVJQ/EuMkuWfuOyOM4XQ9XUrRpi1vVLyp/oPrBsTLibsh7v5viu5wRECFouAd/oPXqYGi0ldQY5wrmjNSR8ec7S5fj4NF5geGE8FIeOqs65kMCHqeUvQuHTCcuZhvfQeJIPrtdEs/3aTo/ifROZ0abJ77Kd93mPCzQL851stJhVQNa1nbrXeI/pOYlTwB7Ec3Jw8rxLpbPZSrK3dtKDtlQBumh+j8irTgJMjX7ceZ2O0U8hpTj3EUg47vYB1kdF7HZK2ys95uH4ycyw96nJ+VNH6eh7FxdVbO9AgS51spZXslMjL9opi099nEVZDjo4krZGLUZ/pk0YzDFlT3pA2iTziIuk36lkUR5rwHkup/JtGwQ53sIOM/dDCfxg37eT5TlotXzjV6a/Irwpm3CxOdxOsqTIDj7bcoLq8JSVCs18OfT2rgNfcznqTCX3XYpttvoc= theia\n"
            },
            "metadata_fingerprint": "Nv3-7SkyTB8=",
            "metadata_startup_script": null,
            "min_cpu_platform": "",
            "name": "tf-experiment",
            "network_interface": [
              {
                "access_config": [],
                "alias_ip_range": [],
                "ipv6_access_config": [],
                "ipv6_access_type": "",
                "name": "nic0",
                "network": "https://www.googleapis.com/compute/v1/projects/tf-advanced/global/networks/tf-experiment",
                "network_ip": "10.142.0.2",
                "nic_type": "",
                "queue_count": 0,
                "stack_type": "IPV4_ONLY",
                "subnetwork": "https://www.googleapis.com/compute/v1/projects/tf-advanced/regions/us-east1/subnetworks/tf-experiment",
                "subnetwork_project": "tf-advanced"
              }
            ],
            "project": "tf-advanced",
            "reservation_affinity": [],
            "resource_policies": null,
            "scheduling": [
              {
                "automatic_restart": true,
                "instance_termination_action": "",
                "min_node_cpus": 0,
                "node_affinities": [],
                "on_host_maintenance": "MIGRATE",
                "preemptible": false,
                "provisioning_model": "STANDARD"
              }
            ],
            "scratch_disk": [],
            "self_link": "https://www.googleapis.com/compute/v1/projects/tf-advanced/zones/us-east1-b/instances/tf-experiment",
            "service_account": [],
            "shielded_instance_config": [
              {
                "enable_integrity_monitoring": true,
                "enable_secure_boot": false,
                "enable_vtpm": true
              }
            ],
            "tags": null,
            "tags_fingerprint": "42WmSpB8rSM=",
            "timeouts": null,
            "zone": "us-east1-b"
          },
          "sensitive_attributes": [],
          "private": "eyJlMmJmYjczMC1lY2FhLTExZTYtOGY4OC0zNDM2M2JjN2M0YzAiOnsiY3JlYXRlIjoxMjAwMDAwMDAwMDAwLCJkZWxldGUiOjEyMDAwMDAwMDAwMDAsInVwZGF0ZSI6MTIwMDAwMDAwMDAwMH0sInNjaGVtYV92ZXJzaW9uIjoiNiJ9",
          "dependencies": [
            "google_compute_network.tf-experiment"
          ]
        }
      ]
    },
    {
      "mode": "managed",
      "type": "google_compute_network",
      "name": "tf-experiment",
      "provider": "provider[\"registry.terraform.io/hashicorp/google\"]",
      "instances": [
        {
          "schema_version": 0,
          "attributes": {
            "auto_create_subnetworks": true,
            "delete_default_routes_on_create": false,
            "description": "",
            "enable_ula_internal_ipv6": false,
            "gateway_ipv4": "",
            "id": "projects/tf-advanced/global/networks/tf-experiment",
            "internal_ipv6_range": "",
            "mtu": 0,
            "name": "tf-experiment",
            "project": "tf-advanced",
            "routing_mode": "REGIONAL",
            "self_link": "https://www.googleapis.com/compute/v1/projects/tf-advanced/global/networks/tf-experiment",
            "timeouts": null
          },
          "sensitive_attributes": [],
          "private": "eyJlMmJmYjczMC1lY2FhLTExZTYtOGY4OC0zNDM2M2JjN2M0YzAiOnsiY3JlYXRlIjoxMjAwMDAwMDAwMDAwLCJkZWxldGUiOjEyMDAwMDAwMDAwMDAsInVwZGF0ZSI6MTIwMDAwMDAwMDAwMH19"
        }
      ]
    },
    {
      "mode": "managed",
      "type": "google_compute_network_peering",
      "name": "james-saad-vpc---tf-experiment",
      "provider": "provider[\"registry.terraform.io/hashicorp/google\"]",
      "instances": [
        {
          "schema_version": 0,
          "attributes": {
            "export_custom_routes": false,
            "export_subnet_routes_with_public_ip": true,
            "id": "tf-experiment/james-saad-vpc---tf-experiment",
            "import_custom_routes": false,
            "import_subnet_routes_with_public_ip": false,
            "name": "james-saad-vpc---tf-experiment",
            "network": "https://www.googleapis.com/compute/v1/projects/tf-advanced/global/networks/tf-experiment",
            "peer_network": "https://www.googleapis.com/compute/v1/projects/tf-advanced/global/networks/tf-course",
            "state": "ACTIVE",
            "state_details": "[2022-09-30T04:08:58.151-07:00]: Connected.",
            "timeouts": null
          },
          "sensitive_attributes": [],
          "private": "eyJlMmJmYjczMC1lY2FhLTExZTYtOGY4OC0zNDM2M2JjN2M0YzAiOnsiY3JlYXRlIjoyNDAwMDAwMDAwMDAsImRlbGV0ZSI6MjQwMDAwMDAwMDAwLCJ1cGRhdGUiOjI0MDAwMDAwMDAwMH19",
          "dependencies": [
            "data.google_compute_network.tf-course",
            "google_compute_network.tf-experiment"
          ]
        }
      ]
    },
    {
      "mode": "managed",
      "type": "google_compute_network_peering",
      "name": "tf-experiment---james-saad-vpc",
      "provider": "provider[\"registry.terraform.io/hashicorp/google\"]",
      "instances": [
        {
          "schema_version": 0,
          "attributes": {
            "export_custom_routes": false,
            "export_subnet_routes_with_public_ip": true,
            "id": "tf-course/tf-experiment---james-saad-vpc",
            "import_custom_routes": false,
            "import_subnet_routes_with_public_ip": false,
            "name": "tf-experiment---james-saad-vpc",
            "network": "https://www.googleapis.com/compute/v1/projects/tf-advanced/global/networks/tf-course",
            "peer_network": "https://www.googleapis.com/compute/v1/projects/tf-advanced/global/networks/tf-experiment",
            "state": "INACTIVE",
            "state_details": "[2022-09-30T04:08:55.216-07:00]: Waiting for peer network to connect.",
            "timeouts": null
          },
          "sensitive_attributes": [],
          "private": "eyJlMmJmYjczMC1lY2FhLTExZTYtOGY4OC0zNDM2M2JjN2M0YzAiOnsiY3JlYXRlIjoyNDAwMDAwMDAwMDAsImRlbGV0ZSI6MjQwMDAwMDAwMDAwLCJ1cGRhdGUiOjI0MDAwMDAwMDAwMH19",
          "dependencies": [
            "data.google_compute_network.tf-course",
            "google_compute_network.tf-experiment"
          ]
        }
      ]
    }
  ]
}
