{
  "version": 4,
  "terraform_version": "1.2.9",
  "serial": 208,
  "lineage": "07e5870e-f1b4-411e-bd00-86590bf796bd",
  "outputs": {
    "local_ip": {
      "value": "192.168.0.2",
      "type": "string"
    }
  },
  "resources": [
    {
      "mode": "managed",
      "type": "google_compute_firewall",
      "name": "tf-experiment",
      "provider": "provider[\"registry.terraform.io/hashicorp/google\"]",
      "instances": [
        {
          "schema_version": 1,
          "attributes": {
            "allow": [
              {
                "ports": [
                  "22"
                ],
                "protocol": "tcp"
              },
              {
                "ports": [],
                "protocol": "icmp"
              }
            ],
            "creation_timestamp": "2022-09-30T01:47:11.010-07:00",
            "deny": [],
            "description": "",
            "destination_ranges": [],
            "direction": "INGRESS",
            "disabled": false,
            "enable_logging": null,
            "id": "projects/tf-advanced/global/firewalls/tf-experiment",
            "log_config": [],
            "name": "tf-experiment",
            "network": "https://www.googleapis.com/compute/v1/projects/tf-advanced/global/networks/tf-experiment",
            "priority": 1000,
            "project": "tf-advanced",
            "self_link": "https://www.googleapis.com/compute/v1/projects/tf-advanced/global/firewalls/tf-experiment",
            "source_ranges": [
              "0.0.0.0/0"
            ],
            "source_service_accounts": [],
            "source_tags": [],
            "target_service_accounts": [],
            "target_tags": [],
            "timeouts": null
          },
          "sensitive_attributes": [],
          "private": "eyJlMmJmYjczMC1lY2FhLTExZTYtOGY4OC0zNDM2M2JjN2M0YzAiOnsiY3JlYXRlIjoxMjAwMDAwMDAwMDAwLCJkZWxldGUiOjEyMDAwMDAwMDAwMDAsInVwZGF0ZSI6MTIwMDAwMDAwMDAwMH0sInNjaGVtYV92ZXJzaW9uIjoiMSJ9",
          "dependencies": [
            "google_compute_network.tf-experiment"
          ]
        }
      ]
    },
    {
      "mode": "managed",
      "type": "google_compute_instance",
      "name": "tf-experiment",
      "provider": "provider[\"registry.terraform.io/hashicorp/google\"]",
      "instances": [
        {
          "schema_version": 6,
          "attributes": {
            "advanced_machine_features": [],
            "allow_stopping_for_update": null,
            "attached_disk": [],
            "boot_disk": [
              {
                "auto_delete": true,
                "device_name": "persistent-disk-0",
                "disk_encryption_key_raw": "",
                "disk_encryption_key_sha256": "",
                "initialize_params": [
                  {
                    "image": "https://www.googleapis.com/compute/v1/projects/ubuntu-os-cloud/global/images/ubuntu-1804-bionic-v20220901",
                    "labels": {},
                    "size": 10,
                    "type": "pd-standard"
                  }
                ],
                "kms_key_self_link": "",
                "mode": "READ_WRITE",
                "source": "https://www.googleapis.com/compute/v1/projects/tf-advanced/zones/us-east1-b/disks/tf-experiment"
              }
            ],
            "can_ip_forward": false,
            "confidential_instance_config": [],
            "cpu_platform": "Intel Haswell",
            "current_status": "RUNNING",
            "deletion_protection": false,
            "description": "",
            "desired_status": null,
            "enable_display": false,
            "guest_accelerator": [],
            "hostname": "",
            "id": "projects/tf-advanced/zones/us-east1-b/instances/tf-experiment",
            "instance_id": "5781228246491927540",
            "label_fingerprint": "42WmSpB8rSM=",
            "labels": {},
            "machine_type": "f1-micro",
            "metadata": {
              "ssh-keys": "theia:ssh-rsa AAAAB3NzaC1yc2EAAAADAQABAAABgQC5OolH6DB+cvSRRKiPIVujwj6DyYQDkdGC4gbmNg8wYCibfnQazC/L4d4ib+GuMjHA7gFt2vxeDWXyj8dY4el2zlsI6ODlzalun1mrrbuoMuHm23EJfGF67n0/VTWzc5zm6TNCzUFF2NP739ieQyLrxO4A09OZKShX0BYWaNIL/bDryzXtb9nVWGbXNk3EVmulI+0gaGwVVoeSGLdIprNNXKrL4li1wn8yWaQIpmxvW+rJRZbIAEgEQpNyLGluKH/IhUd2zPwzsFWqA1iMymOURwkEH2toOWqPQR+8X6JcUM1xD8/tWGWx/m7d98mdbYhI/j1YizdaQuSTAi3fL1vqXEoGjo7iVdQr80ASEGl7GvDmc2ha/3zrqUyf7SddEvkdCHJsCDRf9R19ExIAvbknztXCX/NwaN30Z44jvh6BIaPDV4uvw6RJm1xX8ZiGggNZO+lAxEj4kz+oIiYKTkqHDTFbevY4l6IcWRFSdCIoPUg8mZaGI2yqhjcVJPsdQiM= test\n"
            },
            "metadata_fingerprint": "rO1E0Jhb4DA=",
            "metadata_startup_script": null,
            "min_cpu_platform": "",
            "name": "tf-experiment",
            "network_interface": [
              {
                "access_config": [],
                "alias_ip_range": [],
                "ipv6_access_config": [],
                "ipv6_access_type": "",
                "name": "nic0",
                "network": "https://www.googleapis.com/compute/v1/projects/tf-advanced/global/networks/tf-experiment",
                "network_ip": "192.168.0.2",
                "nic_type": "",
                "queue_count": 0,
                "stack_type": "IPV4_ONLY",
                "subnetwork": "https://www.googleapis.com/compute/v1/projects/tf-advanced/regions/us-east1/subnetworks/tf-experiment",
                "subnetwork_project": "tf-advanced"
              }
            ],
            "project": "tf-advanced",
            "reservation_affinity": [],
            "resource_policies": [],
            "scheduling": [
              {
                "automatic_restart": true,
                "instance_termination_action": "",
                "min_node_cpus": 0,
                "node_affinities": [],
                "on_host_maintenance": "MIGRATE",
                "preemptible": false,
                "provisioning_model": "STANDARD"
              }
            ],
            "scratch_disk": [],
            "self_link": "https://www.googleapis.com/compute/v1/projects/tf-advanced/zones/us-east1-b/instances/tf-experiment",
            "service_account": [],
            "shielded_instance_config": [
              {
                "enable_integrity_monitoring": true,
                "enable_secure_boot": false,
                "enable_vtpm": true
              }
            ],
            "tags": [],
            "tags_fingerprint": "42WmSpB8rSM=",
            "timeouts": null,
            "zone": "us-east1-b"
          },
          "sensitive_attributes": [],
          "private": "eyJlMmJmYjczMC1lY2FhLTExZTYtOGY4OC0zNDM2M2JjN2M0YzAiOnsiY3JlYXRlIjoxMjAwMDAwMDAwMDAwLCJkZWxldGUiOjEyMDAwMDAwMDAwMDAsInVwZGF0ZSI6MTIwMDAwMDAwMDAwMH0sInNjaGVtYV92ZXJzaW9uIjoiNiJ9",
          "dependencies": [
            "google_compute_subnetwork.tf-experiment"
          ]
        }
      ]
    },
    {
      "mode": "managed",
      "type": "google_compute_network",
      "name": "tf-experiment",
      "provider": "provider[\"registry.terraform.io/hashicorp/google\"]",
      "instances": [
        {
          "schema_version": 0,
          "attributes": {
            "auto_create_subnetworks": false,
            "delete_default_routes_on_create": false,
            "description": "",
            "enable_ula_internal_ipv6": false,
            "gateway_ipv4": "",
            "id": "projects/tf-advanced/global/networks/tf-experiment",
            "internal_ipv6_range": "",
            "mtu": 0,
            "name": "tf-experiment",
            "project": "tf-advanced",
            "routing_mode": "REGIONAL",
            "self_link": "https://www.googleapis.com/compute/v1/projects/tf-advanced/global/networks/tf-experiment",
            "timeouts": null
          },
          "sensitive_attributes": [],
          "private": "eyJlMmJmYjczMC1lY2FhLTExZTYtOGY4OC0zNDM2M2JjN2M0YzAiOnsiY3JlYXRlIjoxMjAwMDAwMDAwMDAwLCJkZWxldGUiOjEyMDAwMDAwMDAwMDAsInVwZGF0ZSI6MTIwMDAwMDAwMDAwMH19"
        }
      ]
    },
    {
      "mode": "managed",
      "type": "google_compute_subnetwork",
      "name": "tf-experiment",
      "provider": "provider[\"registry.terraform.io/hashicorp/google\"]",
      "instances": [
        {
          "schema_version": 0,
          "attributes": {
            "creation_timestamp": "2022-09-30T01:47:11.409-07:00",
            "description": "",
            "external_ipv6_prefix": "",
            "fingerprint": null,
            "gateway_address": "192.168.0.1",
            "id": "projects/tf-advanced/regions/us-east1/subnetworks/tf-experiment",
            "ip_cidr_range": "192.168.0.0/16",
            "ipv6_access_type": "",
            "ipv6_cidr_range": "",
            "log_config": [],
            "name": "tf-experiment",
            "network": "https://www.googleapis.com/compute/v1/projects/tf-advanced/global/networks/tf-experiment",
            "private_ip_google_access": false,
            "private_ipv6_google_access": "DISABLE_GOOGLE_ACCESS",
            "project": "tf-advanced",
            "purpose": "PRIVATE",
            "region": "us-east1",
            "role": "",
            "secondary_ip_range": [],
            "self_link": "https://www.googleapis.com/compute/v1/projects/tf-advanced/regions/us-east1/subnetworks/tf-experiment",
            "stack_type": "IPV4_ONLY",
            "timeouts": null
          },
          "sensitive_attributes": [],
          "private": "eyJlMmJmYjczMC1lY2FhLTExZTYtOGY4OC0zNDM2M2JjN2M0YzAiOnsiY3JlYXRlIjoxMjAwMDAwMDAwMDAwLCJkZWxldGUiOjEyMDAwMDAwMDAwMDAsInVwZGF0ZSI6MTIwMDAwMDAwMDAwMH19",
          "dependencies": [
            "google_compute_network.tf-experiment"
          ]
        }
      ]
    }
  ]
}
